<Solution>
  <Folder Name="/Solution Items/">
    <File Path=".editorconfig" />
    <File Path=".gitattributes" />
    <File Path="Directory.Build.props" />
    <File Path="Directory.Packages.props" />
    <File Path="global.json" />
    <File Path="LICENSE" />
    <File Path="NuGet.Config" />
    <File Path="README.md" />
    <File Path="THIRD-PARTY-NOTICES.txt" />
  </Folder>
  <Folder Name="/docs/">
    <File Path="docs/research.md" />
    <File Path="docs/roadmap.md" />
    <File Path="docs/quality-review.md" />
    <File Path="docs/design/primitive-layer.md" />
    <File Path="docs/design/typed-serializer.md" />
    <File Path="docs/benchmarks/runtime-paths.md" />
    <File Path="docs/benchmarks/operation-resolution.md" />
    <File Path="docs/benchmarks/clean-contract.md" />
    <File Path="docs/benchmarks/serializer-comparison.md" />
    <File Path="docs/benchmarks/serializer-comparison-data/README.md" />
    <File Path="docs/benchmarks/serializer-comparison-baseline.md" />
    <File Path="docs/benchmarks/serializer-comparison-baseline-data/README.md" />
    <File Path="docs/benchmarks/hot-paths.md" />
    <File Path="docs/benchmarks/hot-path-data/README.md" />
    <File Path="docs/benchmarks/wire-values.md" />
  </Folder>
  <Folder Name="/src/">
    <Project Path="src/Cbor/Cbor.csproj" />
    <Project Path="src/Cbor.SourceGenerator/Cbor.SourceGenerator.csproj" />
    <Project Path="src/Cbor.SourceGenerator.CodeFixes/Cbor.SourceGenerator.CodeFixes.csproj" />
  </Folder>
  <Folder Name="/tests/">
    <Project Path="tests/Cbor.Tests.SourceGenerator/Cbor.Tests.SourceGenerator.csproj" />
    <Project Path="tests/Cbor.Tests/Cbor.Tests.csproj" />
    <Project Path="tests/Cbor.Tests.NetStandard21/Cbor.Tests.NetStandard21.csproj" />
    <Project Path="tests/Cbor.Tests.NetStandard20/Cbor.Tests.NetStandard20.csproj" />
    <Project Path="tests/Cbor.Tests.Conformance/Cbor.Tests.Conformance.csproj" />
    <Project Path="tests/Cbor.Tests.Robustness/Cbor.Tests.Robustness.csproj" />
    <Project Path="tests/Cbor.Tests.NativeAot/Cbor.Tests.NativeAot.csproj" />
  </Folder>
  <Folder Name="/benchmarks/">
    <File Path="benchmarks/Cbor.Benchmarks.Comparison/Cbor.Benchmarks.Comparison.csproj" />
    <Project Path="benchmarks/Cbor.Benchmarks.Net8/Cbor.Benchmarks.Net8.csproj" />
    <Project Path="benchmarks/Cbor.Benchmarks.NetStandard20/Cbor.Benchmarks.NetStandard20.csproj" />
    <Project Path="benchmarks/Cbor.Benchmarks/Cbor.Benchmarks.csproj" />
  </Folder>
  <Folder Name="/sandbox/">
    <Project Path="sandbox/Cbor.Sandbox/Cbor.Sandbox.csproj" />
  </Folder>
</Solution>
